
Microsoft Visual Studio Solution File, Format Version 12.00
# Visual Studio 2012
Project("{FAE04EC0-301F-11D3-BF4B-00C04F79EFBC}") = "MvcDao", "MvcDemo\MvcDao.csproj", "{A863E8C8-1A9C-494C-93B5-4A94E302DFCD}"
EndProject
Global
	GlobalSection(SolutionConfigurationPlatforms) = preSolution
		Debug|Any CPU = Debug|Any CPU
		Release|Any CPU = Release|Any CPU
	EndGlobalSection
	GlobalSection(ProjectConfigurationPlatforms) = postSolution
		{A863E8C8-1A9C-494C-93B5-4A94E302DFCD}.Debug|Any CPU.ActiveCfg = Debug|Any CPU
		{A863E8C8-1A9C-494C-93B5-4A94E302DFCD}.Debug|Any CPU.Build.0 = Debug|Any CPU
		{A863E8C8-1A9C-494C-93B5-4A94E302DFCD}.Release|Any CPU.ActiveCfg = Release|Any CPU
		{A863E8C8-1A9C-494C-93B5-4A94E302DFCD}.Release|Any CPU.Build.0 = Release|Any CPU
	EndGlobalSection
	GlobalSection(SolutionProperties) = preSolution
		HideSolutionNode = FALSE
	EndGlobalSection
EndGlobal
